{
  "requires": true,
  "lockfileVersion": 1,
  "dependencies": {
    "freezeframe": {
      "version": "5.0.0-beta.1",
      "resolved": "https://registry.npmjs.org/freezeframe/-/freezeframe-5.0.0-beta.1.tgz",
      "integrity": "sha512-mY1hgp9tlyLH9Bdr2eMruGiV5UCxMxZRhFt0NFDNK0BhLv8XaoihLMcHUL0g3hBIaURXLXeRYBX7BhMDw39Udw=="
    }
  }
}
